PODS:
  - AppAuth (1.7.6):
    - AppAuth/Core (= 1.7.6)
    - AppAuth/ExternalUserAgent (= 1.7.6)
  - AppAuth/Core (1.7.6)
  - AppAuth/ExternalUserAgent (1.7.6):
    - AppAuth/Core
  - cloud_firestore (4.17.5):
    - Firebase/Firestore (= 10.25.0)
    - firebase_core
    - Flutter
  - desktop_webview_auth (0.0.1):
    - Flutter
  - device_info_plus (0.0.1):
    - Flutter
  - edge_detection (1.1.3):
    - Flutter
    - WeScan
  - Firebase/Analytics (10.25.0):
    - Firebase/Core
  - Firebase/Auth (10.25.0):
    - Firebase/CoreOnly
    - FirebaseAuth (~> 10.25.0)
  - Firebase/Core (10.25.0):
    - Firebase/CoreOnly
    - FirebaseAnalytics (~> 10.25.0)
  - Firebase/CoreOnly (10.25.0):
    - FirebaseCore (= 10.25.0)
  - Firebase/Crashlytics (10.25.0):
    - Firebase/CoreOnly
    - FirebaseCrashlytics (~> 10.25.0)
  - Firebase/Database (10.25.0):
    - Firebase/CoreOnly
    - FirebaseDatabase (~> 10.25.0)
  - Firebase/DynamicLinks (10.25.0):
    - Firebase/CoreOnly
    - FirebaseDynamicLinks (~> 10.25.0)
  - Firebase/Firestore (10.25.0):
    - Firebase/CoreOnly
    - FirebaseFirestore (~> 10.25.0)
  - Firebase/Storage (10.25.0):
    - Firebase/CoreOnly
    - FirebaseStorage (~> 10.25.0)
  - firebase_analytics (10.10.7):
    - Firebase/Analytics (= 10.25.0)
    - firebase_core
    - Flutter
  - firebase_auth (4.20.0):
    - Firebase/Auth (= 10.25.0)
    - firebase_core
    - Flutter
  - firebase_core (2.32.0):
    - Firebase/CoreOnly (= 10.25.0)
    - Flutter
  - firebase_crashlytics (3.5.7):
    - Firebase/Crashlytics (= 10.25.0)
    - firebase_core
    - Flutter
  - firebase_database (10.5.7):
    - Firebase/Database (= 10.25.0)
    - firebase_core
    - Flutter
  - firebase_dynamic_links (5.5.7):
    - Firebase/DynamicLinks (= 10.25.0)
    - firebase_core
    - Flutter
  - firebase_storage (11.7.7):
    - Firebase/Storage (= 10.25.0)
    - firebase_core
    - Flutter
  - FirebaseAnalytics (10.25.0):
    - FirebaseAnalytics/AdIdSupport (= 10.25.0)
    - FirebaseCore (~> 10.0)
    - FirebaseInstallations (~> 10.0)
    - GoogleUtilities/AppDelegateSwizzler (~> 7.11)
    - GoogleUtilities/MethodSwizzler (~> 7.11)
    - GoogleUtilities/Network (~> 7.11)
    - "GoogleUtilities/NSData+zlib (~> 7.11)"
    - nanopb (< 2.30911.0, >= 2.30908.0)
  - FirebaseAnalytics/AdIdSupport (10.25.0):
    - FirebaseCore (~> 10.0)
    - FirebaseInstallations (~> 10.0)
    - GoogleAppMeasurement (= 10.25.0)
    - GoogleUtilities/AppDelegateSwizzler (~> 7.11)
    - GoogleUtilities/MethodSwizzler (~> 7.11)
    - GoogleUtilities/Network (~> 7.11)
    - "GoogleUtilities/NSData+zlib (~> 7.11)"
    - nanopb (< 2.30911.0, >= 2.30908.0)
  - FirebaseAppCheckInterop (10.29.0)
  - FirebaseAuth (10.25.0):
    - FirebaseAppCheckInterop (~> 10.17)
    - FirebaseCore (~> 10.0)
    - GoogleUtilities/AppDelegateSwizzler (~> 7.8)
    - GoogleUtilities/Environment (~> 7.8)
    - GTMSessionFetcher/Core (< 4.0, >= 2.1)
    - RecaptchaInterop (~> 100.0)
  - FirebaseAuthInterop (10.29.0)
  - FirebaseCore (10.25.0):
    - FirebaseCoreInternal (~> 10.0)
    - GoogleUtilities/Environment (~> 7.12)
    - GoogleUtilities/Logger (~> 7.12)
  - FirebaseCoreExtension (10.25.0):
    - FirebaseCore (~> 10.0)
  - FirebaseCoreInternal (10.29.0):
    - "GoogleUtilities/NSData+zlib (~> 7.8)"
  - FirebaseCrashlytics (10.25.0):
    - FirebaseCore (~> 10.5)
    - FirebaseInstallations (~> 10.0)
    - FirebaseRemoteConfigInterop (~> 10.23)
    - FirebaseSessions (~> 10.5)
    - GoogleDataTransport (~> 9.2)
    - GoogleUtilities/Environment (~> 7.8)
    - nanopb (< 2.30911.0, >= 2.30908.0)
    - PromisesObjC (~> 2.1)
  - FirebaseDatabase (10.25.0):
    - FirebaseAppCheckInterop (~> 10.17)
    - FirebaseCore (~> 10.0)
    - FirebaseSharedSwift (~> 10.0)
    - GoogleUtilities/UserDefaults (~> 7.13)
    - leveldb-library (~> 1.22)
  - FirebaseDynamicLinks (10.25.0):
    - FirebaseCore (~> 10.0)
  - FirebaseFirestore (10.25.0):
    - FirebaseFirestoreBinary (= 10.25.0)
  - FirebaseFirestoreAbseilBinary (1.2024011601.0)
  - FirebaseFirestoreBinary (10.25.0):
    - FirebaseCore (= 10.25.0)
    - FirebaseCoreExtension (= 10.25.0)
    - FirebaseFirestoreInternalBinary (= 10.25.0)
    - FirebaseSharedSwift (= 10.25.0)
  - FirebaseFirestoreGRPCBoringSSLBinary (1.62.1)
  - FirebaseFirestoreGRPCCoreBinary (1.62.1):
    - FirebaseFirestoreAbseilBinary (= 1.2024011601.0)
    - FirebaseFirestoreGRPCBoringSSLBinary (= 1.62.1)
  - FirebaseFirestoreGRPCCPPBinary (1.62.1):
    - FirebaseFirestoreAbseilBinary (= 1.2024011601.0)
    - FirebaseFirestoreGRPCCoreBinary (= 1.62.1)
  - FirebaseFirestoreInternalBinary (10.25.0):
    - FirebaseCore (= 10.25.0)
    - FirebaseFirestoreAbseilBinary (= 1.2024011601.0)
    - FirebaseFirestoreGRPCCPPBinary (= 1.62.1)
    - leveldb-library (~> 1.22)
    - nanopb (< 2.30911.0, >= 2.30908.0)
  - FirebaseInstallations (10.29.0):
    - FirebaseCore (~> 10.0)
    - GoogleUtilities/Environment (~> 7.8)
    - GoogleUtilities/UserDefaults (~> 7.8)
    - PromisesObjC (~> 2.1)
  - FirebaseRemoteConfigInterop (10.29.0)
  - FirebaseSessions (10.29.0):
    - FirebaseCore (~> 10.5)
    - FirebaseCoreExtension (~> 10.0)
    - FirebaseInstallations (~> 10.0)
    - GoogleDataTransport (~> 9.2)
    - GoogleUtilities/Environment (~> 7.13)
    - GoogleUtilities/UserDefaults (~> 7.13)
    - nanopb (< 2.30911.0, >= 2.30908.0)
    - PromisesSwift (~> 2.1)
  - FirebaseSharedSwift (10.25.0)
  - FirebaseStorage (10.25.0):
    - FirebaseAppCheckInterop (~> 10.0)
    - FirebaseAuthInterop (~> 10.25)
    - FirebaseCore (~> 10.0)
    - FirebaseCoreExtension (~> 10.0)
    - GoogleUtilities/Environment (~> 7.12)
    - GTMSessionFetcher/Core (< 4.0, >= 2.1)
  - Flutter (1.0.0)
  - flutter_keyboard_visibility (0.0.1):
    - Flutter
  - flutter_native_splash (2.4.3):
    - Flutter
  - fluttertoast (0.0.2):
    - Flutter
    - Toast
  - Google-Mobile-Ads-SDK (11.10.0):
    - GoogleUserMessagingPlatform (>= 1.1)
  - google_mlkit_barcode_scanning (0.11.1):
    - Flutter
    - google_mlkit_commons
    - GoogleMLKit/BarcodeScanning (~> 5.0.0)
  - google_mlkit_commons (0.7.1):
    - Flutter
    - MLKitVision
  - google_mlkit_digital_ink_recognition (0.11.1):
    - Flutter
    - google_mlkit_commons
    - GoogleMLKit/DigitalInkRecognition (~> 5.0.0)
  - google_mlkit_entity_extraction (0.12.1):
    - Flutter
    - google_mlkit_commons
    - GoogleMLKit/EntityExtraction (~> 5.0.0)
  - google_mlkit_face_detection (0.10.1):
    - Flutter
    - google_mlkit_commons
    - GoogleMLKit/FaceDetection (~> 5.0.0)
  - google_mlkit_face_mesh_detection (0.1.1):
    - Flutter
    - google_mlkit_commons
  - google_mlkit_image_labeling (0.11.1):
    - Flutter
    - google_mlkit_commons
    - GoogleMLKit/ImageLabeling (~> 5.0.0)
    - GoogleMLKit/ImageLabelingCustom (~> 5.0.0)
  - google_mlkit_language_id (0.10.1):
    - Flutter
    - google_mlkit_commons
    - GoogleMLKit/LanguageID (~> 5.0.0)
  - google_mlkit_object_detection (0.12.1):
    - Flutter
    - google_mlkit_commons
    - GoogleMLKit/ObjectDetection (~> 5.0.0)
    - GoogleMLKit/ObjectDetectionCustom (~> 5.0.0)
  - google_mlkit_pose_detection (0.11.1):
    - Flutter
    - google_mlkit_commons
    - GoogleMLKit/PoseDetection (~> 5.0.0)
    - GoogleMLKit/PoseDetectionAccurate (~> 5.0.0)
  - google_mlkit_selfie_segmentation (0.7.1):
    - Flutter
    - google_mlkit_commons
    - GoogleMLKit/SegmentationSelfie (~> 5.0.0)
  - google_mlkit_smart_reply (0.10.1):
    - Flutter
    - google_mlkit_commons
    - GoogleMLKit/SmartReply (~> 5.0.0)
  - google_mlkit_text_recognition (0.12.1):
    - Flutter
    - google_mlkit_commons
    - GoogleMLKit/TextRecognition (~> 5.0.0)
  - google_mlkit_translation (0.10.1):
    - Flutter
    - google_mlkit_commons
    - GoogleMLKit/Translate (~> 5.0.0)
  - google_mobile_ads (5.2.0):
    - Flutter
    - Google-Mobile-Ads-SDK (~> 11.10.0)
    - webview_flutter_wkwebview
  - google_sign_in_ios (0.0.1):
    - AppAuth (>= 1.7.4)
    - Flutter
    - FlutterMacOS
    - GoogleSignIn (~> 7.1)
    - GTMSessionFetcher (>= 3.4.0)
  - GoogleAppMeasurement (10.25.0):
    - GoogleAppMeasurement/AdIdSupport (= 10.25.0)
    - GoogleUtilities/AppDelegateSwizzler (~> 7.11)
    - GoogleUtilities/MethodSwizzler (~> 7.11)
    - GoogleUtilities/Network (~> 7.11)
    - "GoogleUtilities/NSData+zlib (~> 7.11)"
    - nanopb (< 2.30911.0, >= 2.30908.0)
  - GoogleAppMeasurement/AdIdSupport (10.25.0):
    - GoogleAppMeasurement/WithoutAdIdSupport (= 10.25.0)
    - GoogleUtilities/AppDelegateSwizzler (~> 7.11)
    - GoogleUtilities/MethodSwizzler (~> 7.11)
    - GoogleUtilities/Network (~> 7.11)
    - "GoogleUtilities/NSData+zlib (~> 7.11)"
    - nanopb (< 2.30911.0, >= 2.30908.0)
  - GoogleAppMeasurement/WithoutAdIdSupport (10.25.0):
    - GoogleUtilities/AppDelegateSwizzler (~> 7.11)
    - GoogleUtilities/MethodSwizzler (~> 7.11)
    - GoogleUtilities/Network (~> 7.11)
    - "GoogleUtilities/NSData+zlib (~> 7.11)"
    - nanopb (< 2.30911.0, >= 2.30908.0)
  - GoogleDataTransport (9.4.1):
    - GoogleUtilities/Environment (~> 7.7)
    - nanopb (< 2.30911.0, >= 2.30908.0)
    - PromisesObjC (< 3.0, >= 1.2)
  - GoogleMLKit/BarcodeScanning (5.0.0):
    - GoogleMLKit/MLKitCore
    - MLKitBarcodeScanning (~> 4.0.0)
  - GoogleMLKit/DigitalInkRecognition (5.0.0):
    - GoogleMLKit/MLKitCore
    - MLKitDigitalInkRecognition (~> 4.0.0)
  - GoogleMLKit/EntityExtraction (5.0.0):
    - GoogleMLKit/MLKitCore
    - MLKitEntityExtraction (~> 1.0.0-beta11)
  - GoogleMLKit/FaceDetection (5.0.0):
    - GoogleMLKit/MLKitCore
    - MLKitFaceDetection (~> 4.0.0)
  - GoogleMLKit/ImageLabeling (5.0.0):
    - GoogleMLKit/MLKitCore
    - MLKitImageLabeling (~> 4.0.0)
  - GoogleMLKit/ImageLabelingCustom (5.0.0):
    - GoogleMLKit/MLKitCore
    - MLKitImageLabelingCustom (~> 4.0.0)
  - GoogleMLKit/LanguageID (5.0.0):
    - GoogleMLKit/MLKitCore
    - MLKitLanguageID (~> 5.0.0)
  - GoogleMLKit/MLKitCore (5.0.0):
    - MLKitCommon (~> 10.0.0)
  - GoogleMLKit/ObjectDetection (5.0.0):
    - GoogleMLKit/MLKitCore
    - MLKitObjectDetection (~> 4.0.0)
  - GoogleMLKit/ObjectDetectionCustom (5.0.0):
    - GoogleMLKit/MLKitCore
    - MLKitObjectDetectionCustom (~> 4.0.0)
  - GoogleMLKit/PoseDetection (5.0.0):
    - GoogleMLKit/MLKitCore
    - MLKitPoseDetection (~> 1.0.0-beta12)
  - GoogleMLKit/PoseDetectionAccurate (5.0.0):
    - GoogleMLKit/MLKitCore
    - MLKitPoseDetectionAccurate (~> 1.0.0-beta12)
  - GoogleMLKit/SegmentationSelfie (5.0.0):
    - GoogleMLKit/MLKitCore
    - MLKitSegmentationSelfie (~> 1.0.0-beta10)
  - GoogleMLKit/SmartReply (5.0.0):
    - GoogleMLKit/MLKitCore
    - MLKitSmartReply (~> 4.0.0)
  - GoogleMLKit/TextRecognition (5.0.0):
    - GoogleMLKit/MLKitCore
    - MLKitTextRecognition (~> 3.0.0)
  - GoogleMLKit/Translate (5.0.0):
    - GoogleMLKit/MLKitCore
    - MLKitTranslate (~> 4.0.0)
  - GoogleSignIn (7.1.0):
    - AppAuth (< 2.0, >= 1.7.3)
    - GTMAppAuth (< 5.0, >= 4.1.1)
    - GTMSessionFetcher/Core (~> 3.3)
  - GoogleToolboxForMac/DebugUtils (2.3.2):
    - GoogleToolboxForMac/Defines (= 2.3.2)
  - GoogleToolboxForMac/Defines (2.3.2)
  - GoogleToolboxForMac/Logger (2.3.2):
    - GoogleToolboxForMac/Defines (= 2.3.2)
  - "GoogleToolboxForMac/NSData+zlib (2.3.2)":
    - GoogleToolboxForMac/Defines (= 2.3.2)
  - "GoogleToolboxForMac/NSDictionary+URLArguments (2.3.2)":
    - GoogleToolboxForMac/DebugUtils (= 2.3.2)
    - GoogleToolboxForMac/Defines (= 2.3.2)
    - "GoogleToolboxForMac/NSString+URLArguments (= 2.3.2)"
  - "GoogleToolboxForMac/NSString+URLArguments (2.3.2)"
  - GoogleToolboxForMac/StringEncoding (2.3.2):
    - GoogleToolboxForMac/Defines (= 2.3.2)
  - GoogleUserMessagingPlatform (2.7.0)
  - GoogleUtilities/AppDelegateSwizzler (7.13.3):
    - GoogleUtilities/Environment
    - GoogleUtilities/Logger
    - GoogleUtilities/Network
    - GoogleUtilities/Privacy
  - GoogleUtilities/Environment (7.13.3):
    - GoogleUtilities/Privacy
    - PromisesObjC (< 3.0, >= 1.2)
  - GoogleUtilities/Logger (7.13.3):
    - GoogleUtilities/Environment
    - GoogleUtilities/Privacy
  - GoogleUtilities/MethodSwizzler (7.13.3):
    - GoogleUtilities/Logger
    - GoogleUtilities/Privacy
  - GoogleUtilities/Network (7.13.3):
    - GoogleUtilities/Logger
    - "GoogleUtilities/NSData+zlib"
    - GoogleUtilities/Privacy
    - GoogleUtilities/Reachability
  - "GoogleUtilities/NSData+zlib (7.13.3)":
    - GoogleUtilities/Privacy
  - GoogleUtilities/Privacy (7.13.3)
  - GoogleUtilities/Reachability (7.13.3):
    - GoogleUtilities/Logger
    - GoogleUtilities/Privacy
  - GoogleUtilities/UserDefaults (7.13.3):
    - GoogleUtilities/Logger
    - GoogleUtilities/Privacy
  - GoogleUtilitiesComponents (1.1.0):
    - GoogleUtilities/Logger
  - GTMAppAuth (4.1.1):
    - AppAuth/Core (~> 1.7)
    - GTMSessionFetcher/Core (< 4.0, >= 3.3)
  - GTMSessionFetcher (3.5.0):
    - GTMSessionFetcher/Full (= 3.5.0)
  - GTMSessionFetcher/Core (3.5.0)
  - GTMSessionFetcher/Full (3.5.0):
    - GTMSessionFetcher/Core
  - image_picker_ios (0.0.1):
    - Flutter
  - in_app_purchase_storekit (0.0.1):
    - Flutter
    - FlutterMacOS
  - in_app_review (2.0.0):
    - Flutter
  - leveldb-library (1.22.6)
  - local_auth_darwin (0.0.1):
    - Flutter
    - FlutterMacOS
  - MLImage (1.0.0-beta5)
  - MLKitBarcodeScanning (4.0.0):
    - MLKitCommon (~> 10.0)
    - MLKitVision (~> 6.0)
  - MLKitCommon (10.0.0):
    - GoogleDataTransport (~> 9.0)
    - GoogleToolboxForMac/Logger (~> 2.1)
    - "GoogleToolboxForMac/NSData+zlib (~> 2.1)"
    - "GoogleToolboxForMac/NSDictionary+URLArguments (~> 2.1)"
    - GoogleUtilities/UserDefaults (~> 7.0)
    - GoogleUtilitiesComponents (~> 1.0)
    - GTMSessionFetcher/Core (< 4.0, >= 1.1)
  - MLKitDigitalInkRecognition (4.0.0):
    - MLKitCommon (~> 10.0)
    - MLKitMDD (~> 6.0)
    - SSZipArchive (< 3.0, >= 2.2.3)
  - MLKitEntityExtraction (1.0.0-beta11):
    - MLKitNaturalLanguage (~> 6.0)
  - MLKitFaceDetection (4.0.0):
    - MLKitCommon (~> 10.0)
    - MLKitVision (~> 6.0)
  - MLKitImageLabeling (4.0.0):
    - MLKitCommon (~> 10.0)
    - MLKitImageLabelingCommon (~> 6.0)
    - MLKitVision (~> 6.0)
    - MLKitVisionKit (~> 7.0)
  - MLKitImageLabelingCommon (6.0.0):
    - MLKitCommon (~> 10.0)
    - MLKitVision (~> 6.0)
  - MLKitImageLabelingCustom (4.0.0):
    - MLKitCommon (~> 10.0)
    - MLKitImageLabelingCommon (~> 6.0)
    - MLKitVision (~> 6.0)
    - MLKitVisionKit (~> 7.0)
  - MLKitLanguageID (5.0.0):
    - MLKitNaturalLanguage (~> 6.0)
  - MLKitMDD (6.0.0):
    - MLKitCommon (~> 10.0)
  - MLKitNaturalLanguage (6.0.0):
    - GoogleToolboxForMac/Logger (~> 2.1)
    - "GoogleToolboxForMac/NSData+zlib (~> 2.1)"
    - "GoogleToolboxForMac/NSDictionary+URLArguments (~> 2.1)"
    - GoogleToolboxForMac/StringEncoding (~> 2.1)
    - GTMSessionFetcher/Core (< 4.0, >= 1.1)
    - MLKitCommon (~> 10.0)
  - MLKitObjectDetection (4.0.0):
    - MLKitCommon (~> 10.0)
    - MLKitObjectDetectionCommon (~> 6.0)
    - MLKitVision (~> 6.0)
    - MLKitVisionKit (~> 7.0)
  - MLKitObjectDetectionCommon (6.0.0):
    - MLKitCommon (~> 10.0)
    - MLKitVision (~> 6.0)
  - MLKitObjectDetectionCustom (4.0.0):
    - MLKitCommon (~> 10.0)
    - MLKitObjectDetectionCommon (~> 6.0)
    - MLKitVision (~> 6.0)
    - MLKitVisionKit (~> 7.0)
  - MLKitPoseDetection (1.0.0-beta12):
    - MLKitCommon (~> 10.0)
    - MLKitPoseDetectionCommon (= 1.0.0-beta12)
    - MLKitXenoCommon (= 1.0.0-beta12)
  - MLKitPoseDetectionAccurate (1.0.0-beta12):
    - MLKitCommon (~> 10.0)
    - MLKitPoseDetectionCommon (= 1.0.0-beta12)
    - MLKitXenoCommon (= 1.0.0-beta12)
  - MLKitPoseDetectionCommon (1.0.0-beta12):
    - MLKitCommon (~> 10.0)
    - MLKitXenoCommon (= 1.0.0-beta12)
  - MLKitSegmentationCommon (1.0.0-beta10):
    - MLKitCommon (~> 10.0)
    - MLKitXenoCommon (= 1.0.0-beta12)
  - MLKitSegmentationSelfie (1.0.0-beta10):
    - MLKitSegmentationCommon (= 1.0.0-beta10)
  - MLKitSmartReply (4.0.0):
    - MLKitLanguageID (~> 5.0)
    - MLKitNaturalLanguage (~> 6.0)
  - MLKitTextRecognition (3.0.0):
    - MLKitCommon (~> 10.0)
    - MLKitTextRecognitionCommon (= 2.0.0)
    - MLKitVision (~> 6.0)
  - MLKitTextRecognitionCommon (2.0.0):
    - MLKitCommon (~> 10.0)
    - MLKitVision (~> 6.0)
  - MLKitTranslate (4.0.0):
    - MLKitNaturalLanguage (~> 6.0)
    - SSZipArchive (< 3.0, >= 2.2.3)
  - MLKitVision (6.0.0):
    - GoogleToolboxForMac/Logger (~> 2.1)
    - "GoogleToolboxForMac/NSData+zlib (~> 2.1)"
    - GTMSessionFetcher/Core (< 4.0, >= 1.1)
    - MLImage (= 1.0.0-beta5)
    - MLKitCommon (~> 10.0)
  - MLKitVisionKit (7.0.0):
    - MLKitCommon (~> 10.0)
    - MLKitImageLabelingCommon (~> 6.0)
    - MLKitObjectDetectionCommon (~> 6.0)
    - MLKitVision (~> 6.0)
  - MLKitXenoCommon (1.0.0-beta12):
    - MLKitCommon (~> 10.0)
    - MLKitVision (~> 6.0)
  - nanopb (2.30910.0):
    - nanopb/decode (= 2.30910.0)
    - nanopb/encode (= 2.30910.0)
  - nanopb/decode (2.30910.0)
  - nanopb/encode (2.30910.0)
  - package_info_plus (0.4.5):
    - Flutter
  - path_provider_foundation (0.0.1):
    - Flutter
    - FlutterMacOS
  - PromisesObjC (2.4.0)
  - PromisesSwift (2.4.0):
    - PromisesObjC (= 2.4.0)
  - RecaptchaInterop (100.0.0)
  - share_plus (0.0.1):
    - Flutter
  - shared_preferences_foundation (0.0.1):
    - Flutter
    - FlutterMacOS
  - sqflite_darwin (0.0.4):
    - Flutter
    - FlutterMacOS
  - SSZipArchive (2.4.3)
  - super_keyboard (0.0.1):
    - Flutter
  - Toast (4.1.1)
  - url_launcher_ios (0.0.1):
    - Flutter
  - video_player_avfoundation (0.0.1):
    - Flutter
    - FlutterMacOS
  - webview_flutter_wkwebview (0.0.1):
    - Flutter
    - FlutterMacOS
  - WeScan (3.0.0)

DEPENDENCIES:
  - cloud_firestore (from `.symlinks/plugins/cloud_firestore/ios`)
  - desktop_webview_auth (from `.symlinks/plugins/desktop_webview_auth/ios`)
  - device_info_plus (from `.symlinks/plugins/device_info_plus/ios`)
  - edge_detection (from `.symlinks/plugins/edge_detection/ios`)
  - firebase_analytics (from `.symlinks/plugins/firebase_analytics/ios`)
  - firebase_auth (from `.symlinks/plugins/firebase_auth/ios`)
  - firebase_core (from `.symlinks/plugins/firebase_core/ios`)
  - firebase_crashlytics (from `.symlinks/plugins/firebase_crashlytics/ios`)
  - firebase_database (from `.symlinks/plugins/firebase_database/ios`)
  - firebase_dynamic_links (from `.symlinks/plugins/firebase_dynamic_links/ios`)
  - firebase_storage (from `.symlinks/plugins/firebase_storage/ios`)
  - FirebaseFirestore (from `https://github.com/invertase/firestore-ios-sdk-frameworks.git`, tag `10.25.0`)
  - Flutter (from `Flutter`)
  - flutter_keyboard_visibility (from `.symlinks/plugins/flutter_keyboard_visibility/ios`)
  - flutter_native_splash (from `.symlinks/plugins/flutter_native_splash/ios`)
  - fluttertoast (from `.symlinks/plugins/fluttertoast/ios`)
  - google_mlkit_barcode_scanning (from `.symlinks/plugins/google_mlkit_barcode_scanning/ios`)
  - google_mlkit_commons (from `.symlinks/plugins/google_mlkit_commons/ios`)
  - google_mlkit_digital_ink_recognition (from `.symlinks/plugins/google_mlkit_digital_ink_recognition/ios`)
  - google_mlkit_entity_extraction (from `.symlinks/plugins/google_mlkit_entity_extraction/ios`)
  - google_mlkit_face_detection (from `.symlinks/plugins/google_mlkit_face_detection/ios`)
  - google_mlkit_face_mesh_detection (from `.symlinks/plugins/google_mlkit_face_mesh_detection/ios`)
  - google_mlkit_image_labeling (from `.symlinks/plugins/google_mlkit_image_labeling/ios`)
  - google_mlkit_language_id (from `.symlinks/plugins/google_mlkit_language_id/ios`)
  - google_mlkit_object_detection (from `.symlinks/plugins/google_mlkit_object_detection/ios`)
  - google_mlkit_pose_detection (from `.symlinks/plugins/google_mlkit_pose_detection/ios`)
  - google_mlkit_selfie_segmentation (from `.symlinks/plugins/google_mlkit_selfie_segmentation/ios`)
  - google_mlkit_smart_reply (from `.symlinks/plugins/google_mlkit_smart_reply/ios`)
  - google_mlkit_text_recognition (from `.symlinks/plugins/google_mlkit_text_recognition/ios`)
  - google_mlkit_translation (from `.symlinks/plugins/google_mlkit_translation/ios`)
  - google_mobile_ads (from `.symlinks/plugins/google_mobile_ads/ios`)
  - google_sign_in_ios (from `.symlinks/plugins/google_sign_in_ios/darwin`)
  - image_picker_ios (from `.symlinks/plugins/image_picker_ios/ios`)
  - in_app_purchase_storekit (from `.symlinks/plugins/in_app_purchase_storekit/darwin`)
  - in_app_review (from `.symlinks/plugins/in_app_review/ios`)
  - local_auth_darwin (from `.symlinks/plugins/local_auth_darwin/darwin`)
  - package_info_plus (from `.symlinks/plugins/package_info_plus/ios`)
  - path_provider_foundation (from `.symlinks/plugins/path_provider_foundation/darwin`)
  - share_plus (from `.symlinks/plugins/share_plus/ios`)
  - shared_preferences_foundation (from `.symlinks/plugins/shared_preferences_foundation/darwin`)
  - sqflite_darwin (from `.symlinks/plugins/sqflite_darwin/darwin`)
  - super_keyboard (from `.symlinks/plugins/super_keyboard/ios`)
  - url_launcher_ios (from `.symlinks/plugins/url_launcher_ios/ios`)
  - video_player_avfoundation (from `.symlinks/plugins/video_player_avfoundation/darwin`)
  - webview_flutter_wkwebview (from `.symlinks/plugins/webview_flutter_wkwebview/darwin`)
  - WeScan (from `.symlinks/plugins/edge_detection/ios/WeScan-3.0.0`)

SPEC REPOS:
  trunk:
    - AppAuth
    - Firebase
    - FirebaseAnalytics
    - FirebaseAppCheckInterop
    - FirebaseAuth
    - FirebaseAuthInterop
    - FirebaseCore
    - FirebaseCoreExtension
    - FirebaseCoreInternal
    - FirebaseCrashlytics
    - FirebaseDatabase
    - FirebaseDynamicLinks
    - FirebaseFirestoreAbseilBinary
    - FirebaseFirestoreBinary
    - FirebaseFirestoreGRPCBoringSSLBinary
    - FirebaseFirestoreGRPCCoreBinary
    - FirebaseFirestoreGRPCCPPBinary
    - FirebaseFirestoreInternalBinary
    - FirebaseInstallations
    - FirebaseRemoteConfigInterop
    - FirebaseSessions
    - FirebaseSharedSwift
    - FirebaseStorage
    - Google-Mobile-Ads-SDK
    - GoogleAppMeasurement
    - GoogleDataTransport
    - GoogleMLKit
    - GoogleSignIn
    - GoogleToolboxForMac
    - GoogleUserMessagingPlatform
    - GoogleUtilities
    - GoogleUtilitiesComponents
    - GTMAppAuth
    - GTMSessionFetcher
    - leveldb-library
    - MLImage
    - MLKitBarcodeScanning
    - MLKitCommon
    - MLKitDigitalInkRecognition
    - MLKitEntityExtraction
    - MLKitFaceDetection
    - MLKitImageLabeling
    - MLKitImageLabelingCommon
    - MLKitImageLabelingCustom
    - MLKitLanguageID
    - MLKitMDD
    - MLKitNaturalLanguage
    - MLKitObjectDetection
    - MLKitObjectDetectionCommon
    - MLKitObjectDetectionCustom
    - MLKitPoseDetection
    - MLKitPoseDetectionAccurate
    - MLKitPoseDetectionCommon
    - MLKitSegmentationCommon
    - MLKitSegmentationSelfie
    - MLKitSmartReply
    - MLKitTextRecognition
    - MLKitTextRecognitionCommon
    - MLKitTranslate
    - MLKitVision
    - MLKitVisionKit
    - MLKitXenoCommon
    - nanopb
    - PromisesObjC
    - PromisesSwift
    - RecaptchaInterop
    - SSZipArchive
    - Toast

EXTERNAL SOURCES:
  cloud_firestore:
    :path: ".symlinks/plugins/cloud_firestore/ios"
  desktop_webview_auth:
    :path: ".symlinks/plugins/desktop_webview_auth/ios"
  device_info_plus:
    :path: ".symlinks/plugins/device_info_plus/ios"
  edge_detection:
    :path: ".symlinks/plugins/edge_detection/ios"
  firebase_analytics:
    :path: ".symlinks/plugins/firebase_analytics/ios"
  firebase_auth:
    :path: ".symlinks/plugins/firebase_auth/ios"
  firebase_core:
    :path: ".symlinks/plugins/firebase_core/ios"
  firebase_crashlytics:
    :path: ".symlinks/plugins/firebase_crashlytics/ios"
  firebase_database:
    :path: ".symlinks/plugins/firebase_database/ios"
  firebase_dynamic_links:
    :path: ".symlinks/plugins/firebase_dynamic_links/ios"
  firebase_storage:
    :path: ".symlinks/plugins/firebase_storage/ios"
  FirebaseFirestore:
    :git: https://github.com/invertase/firestore-ios-sdk-frameworks.git
    :tag: 10.25.0
  Flutter:
    :path: Flutter
  flutter_keyboard_visibility:
    :path: ".symlinks/plugins/flutter_keyboard_visibility/ios"
  flutter_native_splash:
    :path: ".symlinks/plugins/flutter_native_splash/ios"
  fluttertoast:
    :path: ".symlinks/plugins/fluttertoast/ios"
  google_mlkit_barcode_scanning:
    :path: ".symlinks/plugins/google_mlkit_barcode_scanning/ios"
  google_mlkit_commons:
    :path: ".symlinks/plugins/google_mlkit_commons/ios"
  google_mlkit_digital_ink_recognition:
    :path: ".symlinks/plugins/google_mlkit_digital_ink_recognition/ios"
  google_mlkit_entity_extraction:
    :path: ".symlinks/plugins/google_mlkit_entity_extraction/ios"
  google_mlkit_face_detection:
    :path: ".symlinks/plugins/google_mlkit_face_detection/ios"
  google_mlkit_face_mesh_detection:
    :path: ".symlinks/plugins/google_mlkit_face_mesh_detection/ios"
  google_mlkit_image_labeling:
    :path: ".symlinks/plugins/google_mlkit_image_labeling/ios"
  google_mlkit_language_id:
    :path: ".symlinks/plugins/google_mlkit_language_id/ios"
  google_mlkit_object_detection:
    :path: ".symlinks/plugins/google_mlkit_object_detection/ios"
  google_mlkit_pose_detection:
    :path: ".symlinks/plugins/google_mlkit_pose_detection/ios"
  google_mlkit_selfie_segmentation:
    :path: ".symlinks/plugins/google_mlkit_selfie_segmentation/ios"
  google_mlkit_smart_reply:
    :path: ".symlinks/plugins/google_mlkit_smart_reply/ios"
  google_mlkit_text_recognition:
    :path: ".symlinks/plugins/google_mlkit_text_recognition/ios"
  google_mlkit_translation:
    :path: ".symlinks/plugins/google_mlkit_translation/ios"
  google_mobile_ads:
    :path: ".symlinks/plugins/google_mobile_ads/ios"
  google_sign_in_ios:
    :path: ".symlinks/plugins/google_sign_in_ios/darwin"
  image_picker_ios:
    :path: ".symlinks/plugins/image_picker_ios/ios"
  in_app_purchase_storekit:
    :path: ".symlinks/plugins/in_app_purchase_storekit/darwin"
  in_app_review:
    :path: ".symlinks/plugins/in_app_review/ios"
  local_auth_darwin:
    :path: ".symlinks/plugins/local_auth_darwin/darwin"
  package_info_plus:
    :path: ".symlinks/plugins/package_info_plus/ios"
  path_provider_foundation:
    :path: ".symlinks/plugins/path_provider_foundation/darwin"
  share_plus:
    :path: ".symlinks/plugins/share_plus/ios"
  shared_preferences_foundation:
    :path: ".symlinks/plugins/shared_preferences_foundation/darwin"
  sqflite_darwin:
    :path: ".symlinks/plugins/sqflite_darwin/darwin"
  super_keyboard:
    :path: ".symlinks/plugins/super_keyboard/ios"
  url_launcher_ios:
    :path: ".symlinks/plugins/url_launcher_ios/ios"
  video_player_avfoundation:
    :path: ".symlinks/plugins/video_player_avfoundation/darwin"
  webview_flutter_wkwebview:
    :path: ".symlinks/plugins/webview_flutter_wkwebview/darwin"
  WeScan:
    :path: ".symlinks/plugins/edge_detection/ios/WeScan-3.0.0"

CHECKOUT OPTIONS:
  FirebaseFirestore:
    :git: https://github.com/invertase/firestore-ios-sdk-frameworks.git
    :tag: 10.25.0

SPEC CHECKSUMS:
  AppAuth: d4f13a8fe0baf391b2108511793e4b479691fb73
  cloud_firestore: 28753092b326c43b17251b50aa6c5b3247c939e5
  desktop_webview_auth: 4cf620136c3d79796496eef85e59508e3a1a003d
  device_info_plus: 71ffc6ab7634ade6267c7a93088ed7e4f74e5896
  edge_detection: 10bc19e0eb3f916231b656017e9d0aa1e096c4b6
  Firebase: 0312a2352584f782ea56f66d91606891d4607f06
  firebase_analytics: e7280be84e7ff1c1e5859bd8e48de410b07e0b73
  firebase_auth: f17bd6bfc0bc3d83c6df9dc3829e5b6fee10b147
  firebase_core: 3b49a055ff54114cae400581c13671fe53936c36
  firebase_crashlytics: 66f38fa4dd09ba785fb909ee14e97b02693162f4
  firebase_database: b1bc9d2ebfb494ec460b22bd2270270aa5f76fa5
  firebase_dynamic_links: 45048877c9412fefdb6af18bcbef7656be2989f1
  firebase_storage: c2cdb0dddf51417d2322bf6a204d19dd0009a7f3
  FirebaseAnalytics: ec00fe8b93b41dc6fe4a28784b8e51da0647a248
  FirebaseAppCheckInterop: 6a1757cfd4067d8e00fccd14fcc1b8fd78cfac07
  FirebaseAuth: c0f93dcc570c9da2bffb576969d793e95c344fbb
  FirebaseAuthInterop: 17db81e9b198afb0f95ce48c133825727eed55d3
  FirebaseCore: 7ec4d0484817f12c3373955bc87762d96842d483
  FirebaseCoreExtension: 8a47811d0b155501559ef05d089518152a0a1677
  FirebaseCoreInternal: df84dd300b561c27d5571684f389bf60b0a5c934
  FirebaseCrashlytics: 4b96efb0ce73b38b2a85e8b8bd1bd8f63f09d015
  FirebaseDatabase: faa489a42f5f868d23a55dd442d6e2099348458e
  FirebaseDynamicLinks: 12c9f5b643943e0565ed28080373f89cbcb914a3
  FirebaseFirestore: d30223cc084fb1ea2d7aee742eea5392beaf3edd
  FirebaseFirestoreAbseilBinary: bd0451946879e0e01327c8efc35896bb273009c4
  FirebaseFirestoreBinary: bfcacce21af5109ab56bef3d41b4235b98b22861
  FirebaseFirestoreGRPCBoringSSLBinary: c3007e61593e4583ec3bb8b34ce654663663b690
  FirebaseFirestoreGRPCCoreBinary: 1243fc6604a52912694635f891916976924931ed
  FirebaseFirestoreGRPCCPPBinary: e447b3a7c060c0abfc4e2c9f6fb53bf7635ded66
  FirebaseFirestoreInternalBinary: 64bdfce9f9f44f131e47694b6287fce0f6f26019
  FirebaseInstallations: 913cf60d0400ebd5d6b63a28b290372ab44590dd
  FirebaseRemoteConfigInterop: 6efda51fb5e2f15b16585197e26eaa09574e8a4d
  FirebaseSessions: dbd14adac65ce996228652c1fc3a3f576bdf3ecc
  FirebaseSharedSwift: 0274086954b1b2d5fd7e829eccc587044d72a4ba
  FirebaseStorage: 44f4e25073f6fa0d4d8c09f5bec299ee9e4eb985
  Flutter: e0871f40cf51350855a761d2e70bf5af5b9b5de7
  flutter_keyboard_visibility: 4625131e43015dbbe759d9b20daaf77e0e3f6619
  flutter_native_splash: 6cad9122ea0fad137d23137dd14b937f3e90b145
  fluttertoast: 76fea30fcf04176325f6864c87306927bd7d2038
  Google-Mobile-Ads-SDK: 13e6e98edfd78ad8d8a791edb927658cc260a56f
  google_mlkit_barcode_scanning: 66ffdf260e49c46ac74f5eb757f23d371c2242e1
  google_mlkit_commons: 9f155ff61a70e0fad8692a7edb5aa2dc468536d3
  google_mlkit_digital_ink_recognition: bf6291469a8e75ae12d41256fa57b304b3517fcb
  google_mlkit_entity_extraction: 44a4c4fbd8c751789b607645cf1c1210b5a5d003
  google_mlkit_face_detection: ae4dae001b13870cb7f51196ba7b1d8aa790c207
  google_mlkit_face_mesh_detection: 8597cd9cf6f7b6f838ee283e815e5670b52da69c
  google_mlkit_image_labeling: 4ca0d5af9da2ebbd816543f0727aa554cf1fccdf
  google_mlkit_language_id: be74765de9f8f43f40c90ef1d66513b1f1893605
  google_mlkit_object_detection: 0ed602aa535300c6fa10754542503f44c6b90ee0
  google_mlkit_pose_detection: 92d7788de903b16eaf548fdb1763501e15369cc8
  google_mlkit_selfie_segmentation: 3d9339b7158483cb99a79775db1bc7e6c00f3ef1
  google_mlkit_smart_reply: e56e1a4d680ef31b6041ff5ed74f1bd7bdbf5406
  google_mlkit_text_recognition: f4e71f2fb9bea669f4d8e2ca1103438cb6cef8bf
  google_mlkit_translation: 84a7514bf3a73663a7e77e6d008e03bb8e3046d6
  google_mobile_ads: dc2b2a5884bef7ab2b4ff30022a513df5373e208
  google_sign_in_ios: 0ab078e60da6dfe23cbc55c83502b52bba1aad63
  GoogleAppMeasurement: 9abf64b682732fed36da827aa2a68f0221fd2356
  GoogleDataTransport: 6c09b596d841063d76d4288cc2d2f42cc36e1e2a
  GoogleMLKit: 90ba06e028795a50261f29500d238d6061538711
  GoogleSignIn: d4281ab6cf21542b1cfaff85c191f230b399d2db
  GoogleToolboxForMac: 8bef7c7c5cf7291c687cf5354f39f9db6399ad34
  GoogleUserMessagingPlatform: a8b56893477f67212fbc8411c139e61d463349f5
  GoogleUtilities: ea963c370a38a8069cc5f7ba4ca849a60b6d7d15
  GoogleUtilitiesComponents: 679b2c881db3b615a2777504623df6122dd20afe
  GTMAppAuth: f69bd07d68cd3b766125f7e072c45d7340dea0de
  GTMSessionFetcher: 5aea5ba6bd522a239e236100971f10cb71b96ab6
  image_picker_ios: 7fe1ff8e34c1790d6fff70a32484959f563a928a
  in_app_purchase_storekit: e126ef1b89e4a9fdf07e28f005f82632b4609437
  in_app_review: 5596fe56fab799e8edb3561c03d053363ab13457
  leveldb-library: cc8b8f8e013647a295ad3f8cd2ddf49a6f19be19
  local_auth_darwin: 553ce4f9b16d3fdfeafce9cf042e7c9f77c1c391
  MLImage: 1824212150da33ef225fbd3dc49f184cf611046c
  MLKitBarcodeScanning: 9cb0ec5ec65bbb5db31de4eba0a3289626beab4e
  MLKitCommon: afcd11b6c0735066a0dde8b4bf2331f6197cbca2
  MLKitDigitalInkRecognition: 51411badefc7f60c5fc2f8606a4a4d9819752ffc
  MLKitEntityExtraction: 7c7082849c4cf211e1cf4abc16676f1c2c01b676
  MLKitFaceDetection: 96effb0e6407e299fc286034f45d55267a212c26
  MLKitImageLabeling: e464e5fb53cbdec431ef537a76d7778c9928537b
  MLKitImageLabelingCommon: cb779d4460ff7fe7d4c53c608f3555e4453f3855
  MLKitImageLabelingCustom: 3e2c4815c8c5724ee0f059dcb036193027d8e16d
  MLKitLanguageID: a42e25eb6732709385adadaa6b3548c2bfe69c34
  MLKitMDD: ad94b775d9497b32af2dba0e104dc5695b310921
  MLKitNaturalLanguage: b9a77b1811edf35bfba52ec1ce2c25a463aa45e0
  MLKitObjectDetection: f2ad5946bd7c981638a40cdb07a28ca68ca28189
  MLKitObjectDetectionCommon: 3faafd522cd921cf3f59f1ee480d65269766e21e
  MLKitObjectDetectionCustom: ccaa86f0169315c08a622f20469b85549b43cf20
  MLKitPoseDetection: 541797754bb66a87e95cb80f51064cf9b72dd404
  MLKitPoseDetectionAccurate: e0448e8ca87b335b8ef633e15fc5b3cd2cc090bb
  MLKitPoseDetectionCommon: f693ecced9a704b1b7fbb9d45edfb6b81fa78424
  MLKitSegmentationCommon: 931e3c0efbb0020843f807dcdcdbc0fd39972242
  MLKitSegmentationSelfie: 4d67e838b2f6ac37af5a62b6280c715367fff9ab
  MLKitSmartReply: 24ccc5f28f3c1301ded73bdf73b7d299b574ddff
  MLKitTextRecognition: 91706574e4db9b48cd2e66cbbcc6b58956156b0a
  MLKitTextRecognitionCommon: 3bd8375160d21dc9f9cc512d1fab2530ecc43dde
  MLKitTranslate: 52e52e7c4800e853c274711c9034306b80abba88
  MLKitVision: 90922bca854014a856f8b649d1f1f04f63fd9c79
  MLKitVisionKit: 7500e88fdbe6def590154d50fcbf0d61ae62568c
  MLKitXenoCommon: 7e4785ec6344ec6ae70f0c205ffd52403ec36f3b
  nanopb: 438bc412db1928dac798aa6fd75726007be04262
  package_info_plus: 580e9a5f1b6ca5594e7c9ed5f92d1dfb2a66b5e1
  path_provider_foundation: 080d55be775b7414fd5a5ef3ac137b97b097e564
  PromisesObjC: f5707f49cb48b9636751c5b2e7d227e43fba9f47
  PromisesSwift: 9d77319bbe72ebf6d872900551f7eeba9bce2851
  RecaptchaInterop: 7d1a4a01a6b2cb1610a47ef3f85f0c411434cb21
  share_plus: 011d6fb4f9d2576b83179a3a5c5e323202cdabcf
  shared_preferences_foundation: 9e1978ff2562383bd5676f64ec4e9aa8fa06a6f7
  sqflite_darwin: 20b2a3a3b70e43edae938624ce550a3cbf66a3d0
  SSZipArchive: fe6a26b2a54d5a0890f2567b5cc6de5caa600aef
  super_keyboard: 016de6ce9ab826f9a0b185608209d6a3b556d577
  Toast: 1f5ea13423a1e6674c4abdac5be53587ae481c4e
  url_launcher_ios: 694010445543906933d732453a59da0a173ae33d
  video_player_avfoundation: 2cef49524dd1f16c5300b9cd6efd9611ce03639b
  webview_flutter_wkwebview: 44d4dee7d7056d5ad185d25b38404436d56c547c
  WeScan: f50277f7304d146d9ebc4ebdc1b587df84dcdd8b

PODFILE CHECKSUM: 731e0349c125f6c73b2e8ce280429887b3b9f90d

COCOAPODS: 1.16.2
